
Microsoft Visual Studio Solution File, Format Version 12.00
# Visual Studio Version 16
VisualStudioVersion = 16.0.30907.101
MinimumVisualStudioVersion = 10.0.40219.1
Project("{9A19103F-16F7-4668-BE54-9A1E7A4F7556}") = "DataAccess", "DataAccess\DataAccess.csproj", "{01423127-3A8A-44E0-80EC-974EC08DC314}"
EndProject
Project("{9A19103F-16F7-4668-BE54-9A1E7A4F7556}") = "Business", "Business\Business.csproj", "{0C4516AF-340F-45BE-9FD3-A28E8ECA8A98}"
EndProject
Project("{9A19103F-16F7-4668-BE54-9A1E7A4F7556}") = "Entities", "Entities\Entities.csproj", "{667ECCF2-5F44-45E7-A4DE-AF9BFA3FCA34}"
EndProject
Project("{9A19103F-16F7-4668-BE54-9A1E7A4F7556}") = "ConsoleUI", "ConsoleUI\ConsoleUI.csproj", "{E6C23C4B-CF89-42A3-9CC8-3CD3E7B2A65C}"
EndProject
Project("{9A19103F-16F7-4668-BE54-9A1E7A4F7556}") = "Core", "Core\Core.csproj", "{2A72F0B1-43A2-4704-ADF6-CF48A83D63C2}"
EndProject
Project("{9A19103F-16F7-4668-BE54-9A1E7A4F7556}") = "WebAPI", "WebAPI\WebAPI.csproj", "{EDA31004-7B2D-48B0-9B32-A86E4BB270D4}"
EndProject
Global
	GlobalSection(SolutionConfigurationPlatforms) = preSolution
		Debug|Any CPU = Debug|Any CPU
		Release|Any CPU = Release|Any CPU
	EndGlobalSection
	GlobalSection(ProjectConfigurationPlatforms) = postSolution
		{01423127-3A8A-44E0-80EC-974EC08DC314}.Debug|Any CPU.ActiveCfg = Debug|Any CPU
		{01423127-3A8A-44E0-80EC-974EC08DC314}.Debug|Any CPU.Build.0 = Debug|Any CPU
		{01423127-3A8A-44E0-80EC-974EC08DC314}.Release|Any CPU.ActiveCfg = Release|Any CPU
		{01423127-3A8A-44E0-80EC-974EC08DC314}.Release|Any CPU.Build.0 = Release|Any CPU
		{0C4516AF-340F-45BE-9FD3-A28E8ECA8A98}.Debug|Any CPU.ActiveCfg = Debug|Any CPU
		{0C4516AF-340F-45BE-9FD3-A28E8ECA8A98}.Debug|Any CPU.Build.0 = Debug|Any CPU
		{0C4516AF-340F-45BE-9FD3-A28E8ECA8A98}.Release|Any CPU.ActiveCfg = Release|Any CPU
		{0C4516AF-340F-45BE-9FD3-A28E8ECA8A98}.Release|Any CPU.Build.0 = Release|Any CPU
		{667ECCF2-5F44-45E7-A4DE-AF9BFA3FCA34}.Debug|Any CPU.ActiveCfg = Debug|Any CPU
		{667ECCF2-5F44-45E7-A4DE-AF9BFA3FCA34}.Debug|Any CPU.Build.0 = Debug|Any CPU
		{667ECCF2-5F44-45E7-A4DE-AF9BFA3FCA34}.Release|Any CPU.ActiveCfg = Release|Any CPU
		{667ECCF2-5F44-45E7-A4DE-AF9BFA3FCA34}.Release|Any CPU.Build.0 = Release|Any CPU
		{E6C23C4B-CF89-42A3-9CC8-3CD3E7B2A65C}.Debug|Any CPU.ActiveCfg = Debug|Any CPU
		{E6C23C4B-CF89-42A3-9CC8-3CD3E7B2A65C}.Debug|Any CPU.Build.0 = Debug|Any CPU
		{E6C23C4B-CF89-42A3-9CC8-3CD3E7B2A65C}.Release|Any CPU.ActiveCfg = Release|Any CPU
		{E6C23C4B-CF89-42A3-9CC8-3CD3E7B2A65C}.Release|Any CPU.Build.0 = Release|Any CPU
		{2A72F0B1-43A2-4704-ADF6-CF48A83D63C2}.Debug|Any CPU.ActiveCfg = Debug|Any CPU
		{2A72F0B1-43A2-4704-ADF6-CF48A83D63C2}.Debug|Any CPU.Build.0 = Debug|Any CPU
		{2A72F0B1-43A2-4704-ADF6-CF48A83D63C2}.Release|Any CPU.ActiveCfg = Release|Any CPU
		{2A72F0B1-43A2-4704-ADF6-CF48A83D63C2}.Release|Any CPU.Build.0 = Release|Any CPU
		{EDA31004-7B2D-48B0-9B32-A86E4BB270D4}.Debug|Any CPU.ActiveCfg = Debug|Any CPU
		{EDA31004-7B2D-48B0-9B32-A86E4BB270D4}.Debug|Any CPU.Build.0 = Debug|Any CPU
		{EDA31004-7B2D-48B0-9B32-A86E4BB270D4}.Release|Any CPU.ActiveCfg = Release|Any CPU
		{EDA31004-7B2D-48B0-9B32-A86E4BB270D4}.Release|Any CPU.Build.0 = Release|Any CPU
	EndGlobalSection
	GlobalSection(SolutionProperties) = preSolution
		HideSolutionNode = FALSE
	EndGlobalSection
	GlobalSection(ExtensibilityGlobals) = postSolution
		SolutionGuid = {AF274E88-5440-44CB-A29B-6FB634943F79}
	EndGlobalSection
EndGlobal
